
Microsoft Visual Studio Solution File, Format Version 12.00
# Visual Studio Version 17
VisualStudioVersion = 17.1.32120.378
MinimumVisualStudioVersion = 10.0.40219.1
Project("{9A19103F-16F7-4668-BE54-9A1E7A4F7556}") = "SquirrelsNest.Core", "SquirrelsNest.Core\SquirrelsNest.Core.csproj", "{B8A5F35E-43A9-4D23-A590-74C87577484F}"
EndProject
Project("{9A19103F-16F7-4668-BE54-9A1E7A4F7556}") = "SquirrelsNest.Common", "SquirrelsNest.Common\SquirrelsNest.Common.csproj", "{7B3B1589-CBF7-4DE3-9181-113DEED8FE14}"
EndProject
Project("{9A19103F-16F7-4668-BE54-9A1E7A4F7556}") = "SquirrelsNest.LiteDb", "SquirrelsNest.LiteDb\SquirrelsNest.LiteDb.csproj", "{CA799950-26F9-4EB5-A53F-6CFF575C1233}"
EndProject
Project("{9A19103F-16F7-4668-BE54-9A1E7A4F7556}") = "SquirrelsNest.Desktop", "SquirrelsNest.Desktop\SquirrelsNest.Desktop.csproj", "{C0F841E4-2C53-474C-8171-D1149824F81F}"
EndProject
Project("{9A19103F-16F7-4668-BE54-9A1E7A4F7556}") = "SquirrelsNest.Common.Tests", "SquirrelsNest.Common.Tests\SquirrelsNest.Common.Tests.csproj", "{F3BF6AD3-C8FC-40A7-A09F-435888544F83}"
EndProject
Project("{9A19103F-16F7-4668-BE54-9A1E7A4F7556}") = "SquirrelsNest.LiteDb.Tests", "SquirrelsNest.LiteDb.Tests\SquirrelsNest.LiteDb.Tests.csproj", "{6996DD20-E4D4-4891-B7CB-AE5E17B02209}"
EndProject
Project("{9A19103F-16F7-4668-BE54-9A1E7A4F7556}") = "MvvmSupport", "MvvmSupport\MvvmSupport.csproj", "{1DF5A200-D23D-4813-B26A-C45B644BA1B0}"
EndProject
Project("{9A19103F-16F7-4668-BE54-9A1E7A4F7556}") = "Gravatar", "Gravatar\Gravatar.csproj", "{27FDA1B7-91EA-41B4-82E7-133C4EADB3FD}"
EndProject
Project("{9A19103F-16F7-4668-BE54-9A1E7A4F7556}") = "SquirrelsNest.EfDb", "SquirrelsNest.EfDb\SquirrelsNest.EfDb.csproj", "{5B92D9AA-D7D7-4CAB-8E82-AC6DC665B323}"
EndProject
Project("{9A19103F-16F7-4668-BE54-9A1E7A4F7556}") = "SquirrelsNest.EfDb.Tests", "SquirrelsNest.EfDb.Tests\SquirrelsNest.EfDb.Tests.csproj", "{16FCAB1E-E962-463E-B19F-B1F230CF575B}"
EndProject
Project("{9A19103F-16F7-4668-BE54-9A1E7A4F7556}") = "SquirrelsNest.DatabaseTests", "SquirrelsNest.DatabaseTests\SquirrelsNest.DatabaseTests.csproj", "{6174974A-CFE6-4F88-90B3-BB9B04828490}"
EndProject
Project("{9A19103F-16F7-4668-BE54-9A1E7A4F7556}") = "SquirrelsNest.Core.Tests", "SquirrelsNest.Core.Tests\SquirrelsNest.Core.Tests.csproj", "{1B41D07F-E8CB-403B-87FC-20C66A44F5EC}"
EndProject
Project("{9A19103F-16F7-4668-BE54-9A1E7A4F7556}") = "SquirrelsNest.Service", "SquirrelsNest.Service\SquirrelsNest.Service.csproj", "{10DEF9E1-A86A-4E77-80E7-4EC81D88BC85}"
EndProject
Project("{FAE04EC0-301F-11D3-BF4B-00C04F79EFBC}") = "SquirrelsNest.Pecan.Server", "SquirrelsNest.Pecan\Server\SquirrelsNest.Pecan.Server.csproj", "{54115333-6EE2-4D47-8C32-897B4C407B91}"
EndProject
Project("{FAE04EC0-301F-11D3-BF4B-00C04F79EFBC}") = "SquirrelsNest.Pecan.Client", "SquirrelsNest.Pecan\Client\SquirrelsNest.Pecan.Client.csproj", "{CB1A5233-2A31-4746-89FA-7C96545BED72}"
EndProject
Project("{FAE04EC0-301F-11D3-BF4B-00C04F79EFBC}") = "SquirrelsNest.Pecan.Shared", "SquirrelsNest.Pecan\Shared\SquirrelsNest.Pecan.Shared.csproj", "{BA895FDF-B79D-4F82-82E5-A631B09E4A1E}"
EndProject
Global
	GlobalSection(SolutionConfigurationPlatforms) = preSolution
		Debug|Any CPU = Debug|Any CPU
		Debug|x64 = Debug|x64
		Debug|x86 = Debug|x86
		Release|Any CPU = Release|Any CPU
		Release|x64 = Release|x64
		Release|x86 = Release|x86
	EndGlobalSection
	GlobalSection(ProjectConfigurationPlatforms) = postSolution
		{B8A5F35E-43A9-4D23-A590-74C87577484F}.Debug|Any CPU.ActiveCfg = Debug|Any CPU
		{B8A5F35E-43A9-4D23-A590-74C87577484F}.Debug|Any CPU.Build.0 = Debug|Any CPU
		{B8A5F35E-43A9-4D23-A590-74C87577484F}.Debug|x64.ActiveCfg = Debug|x64
		{B8A5F35E-43A9-4D23-A590-74C87577484F}.Debug|x64.Build.0 = Debug|x64
		{B8A5F35E-43A9-4D23-A590-74C87577484F}.Debug|x86.ActiveCfg = Debug|x86
		{B8A5F35E-43A9-4D23-A590-74C87577484F}.Debug|x86.Build.0 = Debug|x86
		{B8A5F35E-43A9-4D23-A590-74C87577484F}.Release|Any CPU.ActiveCfg = Release|Any CPU
		{B8A5F35E-43A9-4D23-A590-74C87577484F}.Release|Any CPU.Build.0 = Release|Any CPU
		{B8A5F35E-43A9-4D23-A590-74C87577484F}.Release|x64.ActiveCfg = Release|x64
		{B8A5F35E-43A9-4D23-A590-74C87577484F}.Release|x64.Build.0 = Release|x64
		{B8A5F35E-43A9-4D23-A590-74C87577484F}.Release|x86.ActiveCfg = Release|x86
		{B8A5F35E-43A9-4D23-A590-74C87577484F}.Release|x86.Build.0 = Release|x86
		{7B3B1589-CBF7-4DE3-9181-113DEED8FE14}.Debug|Any CPU.ActiveCfg = Debug|Any CPU
		{7B3B1589-CBF7-4DE3-9181-113DEED8FE14}.Debug|Any CPU.Build.0 = Debug|Any CPU
		{7B3B1589-CBF7-4DE3-9181-113DEED8FE14}.Debug|x64.ActiveCfg = Debug|x64
		{7B3B1589-CBF7-4DE3-9181-113DEED8FE14}.Debug|x64.Build.0 = Debug|x64
		{7B3B1589-CBF7-4DE3-9181-113DEED8FE14}.Debug|x86.ActiveCfg = Debug|x86
		{7B3B1589-CBF7-4DE3-9181-113DEED8FE14}.Debug|x86.Build.0 = Debug|x86
		{7B3B1589-CBF7-4DE3-9181-113DEED8FE14}.Release|Any CPU.ActiveCfg = Release|Any CPU
		{7B3B1589-CBF7-4DE3-9181-113DEED8FE14}.Release|Any CPU.Build.0 = Release|Any CPU
		{7B3B1589-CBF7-4DE3-9181-113DEED8FE14}.Release|x64.ActiveCfg = Release|x64
		{7B3B1589-CBF7-4DE3-9181-113DEED8FE14}.Release|x64.Build.0 = Release|x64
		{7B3B1589-CBF7-4DE3-9181-113DEED8FE14}.Release|x86.ActiveCfg = Release|x86
		{7B3B1589-CBF7-4DE3-9181-113DEED8FE14}.Release|x86.Build.0 = Release|x86
		{CA799950-26F9-4EB5-A53F-6CFF575C1233}.Debug|Any CPU.ActiveCfg = Debug|Any CPU
		{CA799950-26F9-4EB5-A53F-6CFF575C1233}.Debug|Any CPU.Build.0 = Debug|Any CPU
		{CA799950-26F9-4EB5-A53F-6CFF575C1233}.Debug|x64.ActiveCfg = Debug|x64
		{CA799950-26F9-4EB5-A53F-6CFF575C1233}.Debug|x64.Build.0 = Debug|x64
		{CA799950-26F9-4EB5-A53F-6CFF575C1233}.Debug|x86.ActiveCfg = Debug|x86
		{CA799950-26F9-4EB5-A53F-6CFF575C1233}.Debug|x86.Build.0 = Debug|x86
		{CA799950-26F9-4EB5-A53F-6CFF575C1233}.Release|Any CPU.ActiveCfg = Release|Any CPU
		{CA799950-26F9-4EB5-A53F-6CFF575C1233}.Release|Any CPU.Build.0 = Release|Any CPU
		{CA799950-26F9-4EB5-A53F-6CFF575C1233}.Release|x64.ActiveCfg = Release|x64
		{CA799950-26F9-4EB5-A53F-6CFF575C1233}.Release|x64.Build.0 = Release|x64
		{CA799950-26F9-4EB5-A53F-6CFF575C1233}.Release|x86.ActiveCfg = Release|x86
		{CA799950-26F9-4EB5-A53F-6CFF575C1233}.Release|x86.Build.0 = Release|x86
		{C0F841E4-2C53-474C-8171-D1149824F81F}.Debug|Any CPU.ActiveCfg = Debug|Any CPU
		{C0F841E4-2C53-474C-8171-D1149824F81F}.Debug|Any CPU.Build.0 = Debug|Any CPU
		{C0F841E4-2C53-474C-8171-D1149824F81F}.Debug|x64.ActiveCfg = Debug|x64
		{C0F841E4-2C53-474C-8171-D1149824F81F}.Debug|x64.Build.0 = Debug|x64
		{C0F841E4-2C53-474C-8171-D1149824F81F}.Debug|x86.ActiveCfg = Debug|x86
		{C0F841E4-2C53-474C-8171-D1149824F81F}.Debug|x86.Build.0 = Debug|x86
		{C0F841E4-2C53-474C-8171-D1149824F81F}.Release|Any CPU.ActiveCfg = Release|Any CPU
		{C0F841E4-2C53-474C-8171-D1149824F81F}.Release|Any CPU.Build.0 = Release|Any CPU
		{C0F841E4-2C53-474C-8171-D1149824F81F}.Release|x64.ActiveCfg = Release|x64
		{C0F841E4-2C53-474C-8171-D1149824F81F}.Release|x64.Build.0 = Release|x64
		{C0F841E4-2C53-474C-8171-D1149824F81F}.Release|x86.ActiveCfg = Release|x86
		{C0F841E4-2C53-474C-8171-D1149824F81F}.Release|x86.Build.0 = Release|x86
		{F3BF6AD3-C8FC-40A7-A09F-435888544F83}.Debug|Any CPU.ActiveCfg = Debug|Any CPU
		{F3BF6AD3-C8FC-40A7-A09F-435888544F83}.Debug|Any CPU.Build.0 = Debug|Any CPU
		{F3BF6AD3-C8FC-40A7-A09F-435888544F83}.Debug|x64.ActiveCfg = Debug|x64
		{F3BF6AD3-C8FC-40A7-A09F-435888544F83}.Debug|x64.Build.0 = Debug|x64
		{F3BF6AD3-C8FC-40A7-A09F-435888544F83}.Debug|x86.ActiveCfg = Debug|x86
		{F3BF6AD3-C8FC-40A7-A09F-435888544F83}.Debug|x86.Build.0 = Debug|x86
		{F3BF6AD3-C8FC-40A7-A09F-435888544F83}.Release|Any CPU.ActiveCfg = Release|Any CPU
		{F3BF6AD3-C8FC-40A7-A09F-435888544F83}.Release|Any CPU.Build.0 = Release|Any CPU
		{F3BF6AD3-C8FC-40A7-A09F-435888544F83}.Release|x64.ActiveCfg = Release|Any CPU
		{F3BF6AD3-C8FC-40A7-A09F-435888544F83}.Release|x86.ActiveCfg = Release|x86
		{F3BF6AD3-C8FC-40A7-A09F-435888544F83}.Release|x86.Build.0 = Release|x86
		{6996DD20-E4D4-4891-B7CB-AE5E17B02209}.Debug|Any CPU.ActiveCfg = Debug|Any CPU
		{6996DD20-E4D4-4891-B7CB-AE5E17B02209}.Debug|Any CPU.Build.0 = Debug|Any CPU
		{6996DD20-E4D4-4891-B7CB-AE5E17B02209}.Debug|x64.ActiveCfg = Debug|x64
		{6996DD20-E4D4-4891-B7CB-AE5E17B02209}.Debug|x64.Build.0 = Debug|x64
		{6996DD20-E4D4-4891-B7CB-AE5E17B02209}.Debug|x86.ActiveCfg = Debug|x86
		{6996DD20-E4D4-4891-B7CB-AE5E17B02209}.Debug|x86.Build.0 = Debug|x86
		{6996DD20-E4D4-4891-B7CB-AE5E17B02209}.Release|Any CPU.ActiveCfg = Release|Any CPU
		{6996DD20-E4D4-4891-B7CB-AE5E17B02209}.Release|Any CPU.Build.0 = Release|Any CPU
		{6996DD20-E4D4-4891-B7CB-AE5E17B02209}.Release|x64.ActiveCfg = Release|Any CPU
		{6996DD20-E4D4-4891-B7CB-AE5E17B02209}.Release|x86.ActiveCfg = Release|x86
		{6996DD20-E4D4-4891-B7CB-AE5E17B02209}.Release|x86.Build.0 = Release|x86
		{1DF5A200-D23D-4813-B26A-C45B644BA1B0}.Debug|Any CPU.ActiveCfg = Debug|Any CPU
		{1DF5A200-D23D-4813-B26A-C45B644BA1B0}.Debug|Any CPU.Build.0 = Debug|Any CPU
		{1DF5A200-D23D-4813-B26A-C45B644BA1B0}.Debug|x64.ActiveCfg = Debug|x64
		{1DF5A200-D23D-4813-B26A-C45B644BA1B0}.Debug|x64.Build.0 = Debug|x64
		{1DF5A200-D23D-4813-B26A-C45B644BA1B0}.Debug|x86.ActiveCfg = Debug|x86
		{1DF5A200-D23D-4813-B26A-C45B644BA1B0}.Debug|x86.Build.0 = Debug|x86
		{1DF5A200-D23D-4813-B26A-C45B644BA1B0}.Release|Any CPU.ActiveCfg = Release|Any CPU
		{1DF5A200-D23D-4813-B26A-C45B644BA1B0}.Release|Any CPU.Build.0 = Release|Any CPU
		{1DF5A200-D23D-4813-B26A-C45B644BA1B0}.Release|x64.ActiveCfg = Release|x64
		{1DF5A200-D23D-4813-B26A-C45B644BA1B0}.Release|x64.Build.0 = Release|x64
		{1DF5A200-D23D-4813-B26A-C45B644BA1B0}.Release|x86.ActiveCfg = Release|x86
		{1DF5A200-D23D-4813-B26A-C45B644BA1B0}.Release|x86.Build.0 = Release|x86
		{27FDA1B7-91EA-41B4-82E7-133C4EADB3FD}.Debug|Any CPU.ActiveCfg = Debug|Any CPU
		{27FDA1B7-91EA-41B4-82E7-133C4EADB3FD}.Debug|Any CPU.Build.0 = Debug|Any CPU
		{27FDA1B7-91EA-41B4-82E7-133C4EADB3FD}.Debug|x64.ActiveCfg = Debug|x64
		{27FDA1B7-91EA-41B4-82E7-133C4EADB3FD}.Debug|x64.Build.0 = Debug|x64
		{27FDA1B7-91EA-41B4-82E7-133C4EADB3FD}.Debug|x86.ActiveCfg = Debug|x86
		{27FDA1B7-91EA-41B4-82E7-133C4EADB3FD}.Debug|x86.Build.0 = Debug|x86
		{27FDA1B7-91EA-41B4-82E7-133C4EADB3FD}.Release|Any CPU.ActiveCfg = Release|Any CPU
		{27FDA1B7-91EA-41B4-82E7-133C4EADB3FD}.Release|Any CPU.Build.0 = Release|Any CPU
		{27FDA1B7-91EA-41B4-82E7-133C4EADB3FD}.Release|x64.ActiveCfg = Release|x64
		{27FDA1B7-91EA-41B4-82E7-133C4EADB3FD}.Release|x64.Build.0 = Release|x64
		{27FDA1B7-91EA-41B4-82E7-133C4EADB3FD}.Release|x86.ActiveCfg = Release|x86
		{27FDA1B7-91EA-41B4-82E7-133C4EADB3FD}.Release|x86.Build.0 = Release|x86
		{5B92D9AA-D7D7-4CAB-8E82-AC6DC665B323}.Debug|Any CPU.ActiveCfg = Debug|Any CPU
		{5B92D9AA-D7D7-4CAB-8E82-AC6DC665B323}.Debug|Any CPU.Build.0 = Debug|Any CPU
		{5B92D9AA-D7D7-4CAB-8E82-AC6DC665B323}.Debug|x64.ActiveCfg = Debug|x64
		{5B92D9AA-D7D7-4CAB-8E82-AC6DC665B323}.Debug|x64.Build.0 = Debug|x64
		{5B92D9AA-D7D7-4CAB-8E82-AC6DC665B323}.Debug|x86.ActiveCfg = Debug|x86
		{5B92D9AA-D7D7-4CAB-8E82-AC6DC665B323}.Debug|x86.Build.0 = Debug|x86
		{5B92D9AA-D7D7-4CAB-8E82-AC6DC665B323}.Release|Any CPU.ActiveCfg = Release|Any CPU
		{5B92D9AA-D7D7-4CAB-8E82-AC6DC665B323}.Release|Any CPU.Build.0 = Release|Any CPU
		{5B92D9AA-D7D7-4CAB-8E82-AC6DC665B323}.Release|x64.ActiveCfg = Release|x64
		{5B92D9AA-D7D7-4CAB-8E82-AC6DC665B323}.Release|x64.Build.0 = Release|x64
		{5B92D9AA-D7D7-4CAB-8E82-AC6DC665B323}.Release|x86.ActiveCfg = Release|x86
		{5B92D9AA-D7D7-4CAB-8E82-AC6DC665B323}.Release|x86.Build.0 = Release|x86
		{16FCAB1E-E962-463E-B19F-B1F230CF575B}.Debug|Any CPU.ActiveCfg = Debug|Any CPU
		{16FCAB1E-E962-463E-B19F-B1F230CF575B}.Debug|Any CPU.Build.0 = Debug|Any CPU
		{16FCAB1E-E962-463E-B19F-B1F230CF575B}.Debug|x64.ActiveCfg = Debug|x64
		{16FCAB1E-E962-463E-B19F-B1F230CF575B}.Debug|x64.Build.0 = Debug|x64
		{16FCAB1E-E962-463E-B19F-B1F230CF575B}.Debug|x86.ActiveCfg = Debug|x86
		{16FCAB1E-E962-463E-B19F-B1F230CF575B}.Debug|x86.Build.0 = Debug|x86
		{16FCAB1E-E962-463E-B19F-B1F230CF575B}.Release|Any CPU.ActiveCfg = Release|Any CPU
		{16FCAB1E-E962-463E-B19F-B1F230CF575B}.Release|Any CPU.Build.0 = Release|Any CPU
		{16FCAB1E-E962-463E-B19F-B1F230CF575B}.Release|x64.ActiveCfg = Release|Any CPU
		{16FCAB1E-E962-463E-B19F-B1F230CF575B}.Release|x86.ActiveCfg = Release|x86
		{16FCAB1E-E962-463E-B19F-B1F230CF575B}.Release|x86.Build.0 = Release|x86
		{6174974A-CFE6-4F88-90B3-BB9B04828490}.Debug|Any CPU.ActiveCfg = Debug|Any CPU
		{6174974A-CFE6-4F88-90B3-BB9B04828490}.Debug|Any CPU.Build.0 = Debug|Any CPU
		{6174974A-CFE6-4F88-90B3-BB9B04828490}.Debug|x64.ActiveCfg = Debug|x64
		{6174974A-CFE6-4F88-90B3-BB9B04828490}.Debug|x64.Build.0 = Debug|x64
		{6174974A-CFE6-4F88-90B3-BB9B04828490}.Debug|x86.ActiveCfg = Debug|x86
		{6174974A-CFE6-4F88-90B3-BB9B04828490}.Debug|x86.Build.0 = Debug|x86
		{6174974A-CFE6-4F88-90B3-BB9B04828490}.Release|Any CPU.ActiveCfg = Release|Any CPU
		{6174974A-CFE6-4F88-90B3-BB9B04828490}.Release|Any CPU.Build.0 = Release|Any CPU
		{6174974A-CFE6-4F88-90B3-BB9B04828490}.Release|x64.ActiveCfg = Release|Any CPU
		{6174974A-CFE6-4F88-90B3-BB9B04828490}.Release|x86.ActiveCfg = Release|x86
		{6174974A-CFE6-4F88-90B3-BB9B04828490}.Release|x86.Build.0 = Release|x86
		{1B41D07F-E8CB-403B-87FC-20C66A44F5EC}.Debug|Any CPU.ActiveCfg = Debug|Any CPU
		{1B41D07F-E8CB-403B-87FC-20C66A44F5EC}.Debug|Any CPU.Build.0 = Debug|Any CPU
		{1B41D07F-E8CB-403B-87FC-20C66A44F5EC}.Debug|x64.ActiveCfg = Debug|x64
		{1B41D07F-E8CB-403B-87FC-20C66A44F5EC}.Debug|x64.Build.0 = Debug|x64
		{1B41D07F-E8CB-403B-87FC-20C66A44F5EC}.Debug|x86.ActiveCfg = Debug|x86
		{1B41D07F-E8CB-403B-87FC-20C66A44F5EC}.Debug|x86.Build.0 = Debug|x86
		{1B41D07F-E8CB-403B-87FC-20C66A44F5EC}.Release|Any CPU.ActiveCfg = Release|Any CPU
		{1B41D07F-E8CB-403B-87FC-20C66A44F5EC}.Release|Any CPU.Build.0 = Release|Any CPU
		{1B41D07F-E8CB-403B-87FC-20C66A44F5EC}.Release|x64.ActiveCfg = Release|Any CPU
		{1B41D07F-E8CB-403B-87FC-20C66A44F5EC}.Release|x86.ActiveCfg = Release|x86
		{1B41D07F-E8CB-403B-87FC-20C66A44F5EC}.Release|x86.Build.0 = Release|x86
		{10DEF9E1-A86A-4E77-80E7-4EC81D88BC85}.Debug|Any CPU.ActiveCfg = Debug|Any CPU
		{10DEF9E1-A86A-4E77-80E7-4EC81D88BC85}.Debug|Any CPU.Build.0 = Debug|Any CPU
		{10DEF9E1-A86A-4E77-80E7-4EC81D88BC85}.Debug|x64.ActiveCfg = Debug|x64
		{10DEF9E1-A86A-4E77-80E7-4EC81D88BC85}.Debug|x64.Build.0 = Debug|x64
		{10DEF9E1-A86A-4E77-80E7-4EC81D88BC85}.Debug|x86.ActiveCfg = Debug|x86
		{10DEF9E1-A86A-4E77-80E7-4EC81D88BC85}.Debug|x86.Build.0 = Debug|x86
		{10DEF9E1-A86A-4E77-80E7-4EC81D88BC85}.Release|Any CPU.ActiveCfg = Release|Any CPU
		{10DEF9E1-A86A-4E77-80E7-4EC81D88BC85}.Release|Any CPU.Build.0 = Release|Any CPU
		{10DEF9E1-A86A-4E77-80E7-4EC81D88BC85}.Release|x64.ActiveCfg = Release|Any CPU
		{10DEF9E1-A86A-4E77-80E7-4EC81D88BC85}.Release|x64.Build.0 = Release|Any CPU
		{10DEF9E1-A86A-4E77-80E7-4EC81D88BC85}.Release|x86.ActiveCfg = Release|x86
		{10DEF9E1-A86A-4E77-80E7-4EC81D88BC85}.Release|x86.Build.0 = Release|x86
		{54115333-6EE2-4D47-8C32-897B4C407B91}.Debug|Any CPU.ActiveCfg = Debug|Any CPU
		{54115333-6EE2-4D47-8C32-897B4C407B91}.Debug|Any CPU.Build.0 = Debug|Any CPU
		{54115333-6EE2-4D47-8C32-897B4C407B91}.Debug|x64.ActiveCfg = Debug|Any CPU
		{54115333-6EE2-4D47-8C32-897B4C407B91}.Debug|x64.Build.0 = Debug|Any CPU
		{54115333-6EE2-4D47-8C32-897B4C407B91}.Debug|x86.ActiveCfg = Debug|Any CPU
		{54115333-6EE2-4D47-8C32-897B4C407B91}.Debug|x86.Build.0 = Debug|Any CPU
		{54115333-6EE2-4D47-8C32-897B4C407B91}.Release|Any CPU.ActiveCfg = Release|Any CPU
		{54115333-6EE2-4D47-8C32-897B4C407B91}.Release|Any CPU.Build.0 = Release|Any CPU
		{54115333-6EE2-4D47-8C32-897B4C407B91}.Release|x64.ActiveCfg = Release|Any CPU
		{54115333-6EE2-4D47-8C32-897B4C407B91}.Release|x64.Build.0 = Release|Any CPU
		{54115333-6EE2-4D47-8C32-897B4C407B91}.Release|x86.ActiveCfg = Release|Any CPU
		{54115333-6EE2-4D47-8C32-897B4C407B91}.Release|x86.Build.0 = Release|Any CPU
		{CB1A5233-2A31-4746-89FA-7C96545BED72}.Debug|Any CPU.ActiveCfg = Debug|Any CPU
		{CB1A5233-2A31-4746-89FA-7C96545BED72}.Debug|Any CPU.Build.0 = Debug|Any CPU
		{CB1A5233-2A31-4746-89FA-7C96545BED72}.Debug|x64.ActiveCfg = Debug|Any CPU
		{CB1A5233-2A31-4746-89FA-7C96545BED72}.Debug|x64.Build.0 = Debug|Any CPU
		{CB1A5233-2A31-4746-89FA-7C96545BED72}.Debug|x86.ActiveCfg = Debug|Any CPU
		{CB1A5233-2A31-4746-89FA-7C96545BED72}.Debug|x86.Build.0 = Debug|Any CPU
		{CB1A5233-2A31-4746-89FA-7C96545BED72}.Release|Any CPU.ActiveCfg = Release|Any CPU
		{CB1A5233-2A31-4746-89FA-7C96545BED72}.Release|Any CPU.Build.0 = Release|Any CPU
		{CB1A5233-2A31-4746-89FA-7C96545BED72}.Release|x64.ActiveCfg = Release|Any CPU
		{CB1A5233-2A31-4746-89FA-7C96545BED72}.Release|x64.Build.0 = Release|Any CPU
		{CB1A5233-2A31-4746-89FA-7C96545BED72}.Release|x86.ActiveCfg = Release|Any CPU
		{CB1A5233-2A31-4746-89FA-7C96545BED72}.Release|x86.Build.0 = Release|Any CPU
		{BA895FDF-B79D-4F82-82E5-A631B09E4A1E}.Debug|Any CPU.ActiveCfg = Debug|Any CPU
		{BA895FDF-B79D-4F82-82E5-A631B09E4A1E}.Debug|Any CPU.Build.0 = Debug|Any CPU
		{BA895FDF-B79D-4F82-82E5-A631B09E4A1E}.Debug|x64.ActiveCfg = Debug|Any CPU
		{BA895FDF-B79D-4F82-82E5-A631B09E4A1E}.Debug|x64.Build.0 = Debug|Any CPU
		{BA895FDF-B79D-4F82-82E5-A631B09E4A1E}.Debug|x86.ActiveCfg = Debug|Any CPU
		{BA895FDF-B79D-4F82-82E5-A631B09E4A1E}.Debug|x86.Build.0 = Debug|Any CPU
		{BA895FDF-B79D-4F82-82E5-A631B09E4A1E}.Release|Any CPU.ActiveCfg = Release|Any CPU
		{BA895FDF-B79D-4F82-82E5-A631B09E4A1E}.Release|Any CPU.Build.0 = Release|Any CPU
		{BA895FDF-B79D-4F82-82E5-A631B09E4A1E}.Release|x64.ActiveCfg = Release|Any CPU
		{BA895FDF-B79D-4F82-82E5-A631B09E4A1E}.Release|x64.Build.0 = Release|Any CPU
		{BA895FDF-B79D-4F82-82E5-A631B09E4A1E}.Release|x86.ActiveCfg = Release|Any CPU
		{BA895FDF-B79D-4F82-82E5-A631B09E4A1E}.Release|x86.Build.0 = Release|Any CPU
	EndGlobalSection
	GlobalSection(SolutionProperties) = preSolution
		HideSolutionNode = FALSE
	EndGlobalSection
	GlobalSection(ExtensibilityGlobals) = postSolution
		SolutionGuid = {F1CFA257-E95E-41EF-B6E6-DD51293B8998}
	EndGlobalSection
EndGlobal
