
Microsoft Visual Studio Solution File, Format Version 12.00
# Visual Studio Version 17
VisualStudioVersion = 17.1.32120.378
MinimumVisualStudioVersion = 10.0.40219.1
Project("{FAE04EC0-301F-11D3-BF4B-00C04F79EFBC}") = "SquirrelsNest.Core", "SquirrelsNest.Core\SquirrelsNest.Core.csproj", "{B8A5F35E-43A9-4D23-A590-74C87577484F}"
EndProject
Project("{FAE04EC0-301F-11D3-BF4B-00C04F79EFBC}") = "SquirrelsNest.Common", "SquirrelsNest.Common\SquirrelsNest.Common.csproj", "{7B3B1589-CBF7-4DE3-9181-113DEED8FE14}"
EndProject
Global
	GlobalSection(SolutionConfigurationPlatforms) = preSolution
		Debug|Any CPU = Debug|Any CPU
		Release|Any CPU = Release|Any CPU
	EndGlobalSection
	GlobalSection(ProjectConfigurationPlatforms) = postSolution
		{B8A5F35E-43A9-4D23-A590-74C87577484F}.Debug|Any CPU.ActiveCfg = Debug|Any CPU
		{B8A5F35E-43A9-4D23-A590-74C87577484F}.Debug|Any CPU.Build.0 = Debug|Any CPU
		{B8A5F35E-43A9-4D23-A590-74C87577484F}.Release|Any CPU.ActiveCfg = Release|Any CPU
		{B8A5F35E-43A9-4D23-A590-74C87577484F}.Release|Any CPU.Build.0 = Release|Any CPU
		{7B3B1589-CBF7-4DE3-9181-113DEED8FE14}.Debug|Any CPU.ActiveCfg = Debug|Any CPU
		{7B3B1589-CBF7-4DE3-9181-113DEED8FE14}.Debug|Any CPU.Build.0 = Debug|Any CPU
		{7B3B1589-CBF7-4DE3-9181-113DEED8FE14}.Release|Any CPU.ActiveCfg = Release|Any CPU
		{7B3B1589-CBF7-4DE3-9181-113DEED8FE14}.Release|Any CPU.Build.0 = Release|Any CPU
	EndGlobalSection
	GlobalSection(SolutionProperties) = preSolution
		HideSolutionNode = FALSE
	EndGlobalSection
	GlobalSection(ExtensibilityGlobals) = postSolution
		SolutionGuid = {F1CFA257-E95E-41EF-B6E6-DD51293B8998}
	EndGlobalSection
EndGlobal
