
Microsoft Visual Studio Solution File, Format Version 12.00
# Visual Studio Version 17
VisualStudioVersion = 17.1.32120.378
MinimumVisualStudioVersion = 10.0.40219.1
Project("{9A19103F-16F7-4668-BE54-9A1E7A4F7556}") = "SquirrelsNest.Core", "SquirrelsNest.Core\SquirrelsNest.Core.csproj", "{B8A5F35E-43A9-4D23-A590-74C87577484F}"
EndProject
Project("{9A19103F-16F7-4668-BE54-9A1E7A4F7556}") = "SquirrelsNest.Common", "SquirrelsNest.Common\SquirrelsNest.Common.csproj", "{7B3B1589-CBF7-4DE3-9181-113DEED8FE14}"
EndProject
Project("{9A19103F-16F7-4668-BE54-9A1E7A4F7556}") = "SquirrelsNest.LiteDb", "SquirrelsNest.LiteDb\SquirrelsNest.LiteDb.csproj", "{CA799950-26F9-4EB5-A53F-6CFF575C1233}"
EndProject
Project("{9A19103F-16F7-4668-BE54-9A1E7A4F7556}") = "SquirrelsNest.Desktop", "SquirrelsNest.Desktop\SquirrelsNest.Desktop.csproj", "{C0F841E4-2C53-474C-8171-D1149824F81F}"
EndProject
Project("{9A19103F-16F7-4668-BE54-9A1E7A4F7556}") = "SquirrelsNest.Common.Tests", "SquirrelsNest.Common.Tests\SquirrelsNest.Common.Tests.csproj", "{F3BF6AD3-C8FC-40A7-A09F-435888544F83}"
EndProject
Project("{9A19103F-16F7-4668-BE54-9A1E7A4F7556}") = "SquirrelsNest.LiteDb.Tests", "SquirrelsNest.LiteDb.Tests\SquirrelsNest.LiteDb.Tests.csproj", "{6996DD20-E4D4-4891-B7CB-AE5E17B02209}"
EndProject
Project("{9A19103F-16F7-4668-BE54-9A1E7A4F7556}") = "MvvmSupport", "MvvmSupport\MvvmSupport.csproj", "{1DF5A200-D23D-4813-B26A-C45B644BA1B0}"
EndProject
Project("{9A19103F-16F7-4668-BE54-9A1E7A4F7556}") = "Gravatar", "Gravatar\Gravatar.csproj", "{27FDA1B7-91EA-41B4-82E7-133C4EADB3FD}"
EndProject
Project("{FAE04EC0-301F-11D3-BF4B-00C04F79EFBC}") = "SquirrelsNest.EfDb", "SquirrelsNest.EfDb\SquirrelsNest.EfDb.csproj", "{5B92D9AA-D7D7-4CAB-8E82-AC6DC665B323}"
EndProject
Global
	GlobalSection(SolutionConfigurationPlatforms) = preSolution
		Debug|Any CPU = Debug|Any CPU
		Debug|x64 = Debug|x64
		Release|Any CPU = Release|Any CPU
		Release|x64 = Release|x64
	EndGlobalSection
	GlobalSection(ProjectConfigurationPlatforms) = postSolution
		{B8A5F35E-43A9-4D23-A590-74C87577484F}.Debug|Any CPU.ActiveCfg = Debug|Any CPU
		{B8A5F35E-43A9-4D23-A590-74C87577484F}.Debug|Any CPU.Build.0 = Debug|Any CPU
		{B8A5F35E-43A9-4D23-A590-74C87577484F}.Debug|x64.ActiveCfg = Debug|x64
		{B8A5F35E-43A9-4D23-A590-74C87577484F}.Debug|x64.Build.0 = Debug|x64
		{B8A5F35E-43A9-4D23-A590-74C87577484F}.Release|Any CPU.ActiveCfg = Release|Any CPU
		{B8A5F35E-43A9-4D23-A590-74C87577484F}.Release|Any CPU.Build.0 = Release|Any CPU
		{B8A5F35E-43A9-4D23-A590-74C87577484F}.Release|x64.ActiveCfg = Release|x64
		{B8A5F35E-43A9-4D23-A590-74C87577484F}.Release|x64.Build.0 = Release|x64
		{7B3B1589-CBF7-4DE3-9181-113DEED8FE14}.Debug|Any CPU.ActiveCfg = Debug|Any CPU
		{7B3B1589-CBF7-4DE3-9181-113DEED8FE14}.Debug|Any CPU.Build.0 = Debug|Any CPU
		{7B3B1589-CBF7-4DE3-9181-113DEED8FE14}.Debug|x64.ActiveCfg = Debug|x64
		{7B3B1589-CBF7-4DE3-9181-113DEED8FE14}.Debug|x64.Build.0 = Debug|x64
		{7B3B1589-CBF7-4DE3-9181-113DEED8FE14}.Release|Any CPU.ActiveCfg = Release|Any CPU
		{7B3B1589-CBF7-4DE3-9181-113DEED8FE14}.Release|Any CPU.Build.0 = Release|Any CPU
		{7B3B1589-CBF7-4DE3-9181-113DEED8FE14}.Release|x64.ActiveCfg = Release|x64
		{7B3B1589-CBF7-4DE3-9181-113DEED8FE14}.Release|x64.Build.0 = Release|x64
		{CA799950-26F9-4EB5-A53F-6CFF575C1233}.Debug|Any CPU.ActiveCfg = Debug|Any CPU
		{CA799950-26F9-4EB5-A53F-6CFF575C1233}.Debug|Any CPU.Build.0 = Debug|Any CPU
		{CA799950-26F9-4EB5-A53F-6CFF575C1233}.Debug|x64.ActiveCfg = Debug|x64
		{CA799950-26F9-4EB5-A53F-6CFF575C1233}.Debug|x64.Build.0 = Debug|x64
		{CA799950-26F9-4EB5-A53F-6CFF575C1233}.Release|Any CPU.ActiveCfg = Release|Any CPU
		{CA799950-26F9-4EB5-A53F-6CFF575C1233}.Release|Any CPU.Build.0 = Release|Any CPU
		{CA799950-26F9-4EB5-A53F-6CFF575C1233}.Release|x64.ActiveCfg = Release|x64
		{CA799950-26F9-4EB5-A53F-6CFF575C1233}.Release|x64.Build.0 = Release|x64
		{C0F841E4-2C53-474C-8171-D1149824F81F}.Debug|Any CPU.ActiveCfg = Debug|Any CPU
		{C0F841E4-2C53-474C-8171-D1149824F81F}.Debug|Any CPU.Build.0 = Debug|Any CPU
		{C0F841E4-2C53-474C-8171-D1149824F81F}.Debug|x64.ActiveCfg = Debug|x64
		{C0F841E4-2C53-474C-8171-D1149824F81F}.Debug|x64.Build.0 = Debug|x64
		{C0F841E4-2C53-474C-8171-D1149824F81F}.Release|Any CPU.ActiveCfg = Release|Any CPU
		{C0F841E4-2C53-474C-8171-D1149824F81F}.Release|Any CPU.Build.0 = Release|Any CPU
		{C0F841E4-2C53-474C-8171-D1149824F81F}.Release|x64.ActiveCfg = Release|x64
		{C0F841E4-2C53-474C-8171-D1149824F81F}.Release|x64.Build.0 = Release|x64
		{F3BF6AD3-C8FC-40A7-A09F-435888544F83}.Debug|Any CPU.ActiveCfg = Debug|Any CPU
		{F3BF6AD3-C8FC-40A7-A09F-435888544F83}.Debug|Any CPU.Build.0 = Debug|Any CPU
		{F3BF6AD3-C8FC-40A7-A09F-435888544F83}.Debug|x64.ActiveCfg = Debug|x64
		{F3BF6AD3-C8FC-40A7-A09F-435888544F83}.Debug|x64.Build.0 = Debug|x64
		{F3BF6AD3-C8FC-40A7-A09F-435888544F83}.Release|Any CPU.ActiveCfg = Release|Any CPU
		{F3BF6AD3-C8FC-40A7-A09F-435888544F83}.Release|Any CPU.Build.0 = Release|Any CPU
		{F3BF6AD3-C8FC-40A7-A09F-435888544F83}.Release|x64.ActiveCfg = Release|Any CPU
		{6996DD20-E4D4-4891-B7CB-AE5E17B02209}.Debug|Any CPU.ActiveCfg = Debug|Any CPU
		{6996DD20-E4D4-4891-B7CB-AE5E17B02209}.Debug|Any CPU.Build.0 = Debug|Any CPU
		{6996DD20-E4D4-4891-B7CB-AE5E17B02209}.Debug|x64.ActiveCfg = Debug|x64
		{6996DD20-E4D4-4891-B7CB-AE5E17B02209}.Debug|x64.Build.0 = Debug|x64
		{6996DD20-E4D4-4891-B7CB-AE5E17B02209}.Release|Any CPU.ActiveCfg = Release|Any CPU
		{6996DD20-E4D4-4891-B7CB-AE5E17B02209}.Release|Any CPU.Build.0 = Release|Any CPU
		{6996DD20-E4D4-4891-B7CB-AE5E17B02209}.Release|x64.ActiveCfg = Release|Any CPU
		{1DF5A200-D23D-4813-B26A-C45B644BA1B0}.Debug|Any CPU.ActiveCfg = Debug|Any CPU
		{1DF5A200-D23D-4813-B26A-C45B644BA1B0}.Debug|Any CPU.Build.0 = Debug|Any CPU
		{1DF5A200-D23D-4813-B26A-C45B644BA1B0}.Debug|x64.ActiveCfg = Debug|x64
		{1DF5A200-D23D-4813-B26A-C45B644BA1B0}.Debug|x64.Build.0 = Debug|x64
		{1DF5A200-D23D-4813-B26A-C45B644BA1B0}.Release|Any CPU.ActiveCfg = Release|Any CPU
		{1DF5A200-D23D-4813-B26A-C45B644BA1B0}.Release|Any CPU.Build.0 = Release|Any CPU
		{1DF5A200-D23D-4813-B26A-C45B644BA1B0}.Release|x64.ActiveCfg = Release|x64
		{1DF5A200-D23D-4813-B26A-C45B644BA1B0}.Release|x64.Build.0 = Release|x64
		{27FDA1B7-91EA-41B4-82E7-133C4EADB3FD}.Debug|Any CPU.ActiveCfg = Debug|Any CPU
		{27FDA1B7-91EA-41B4-82E7-133C4EADB3FD}.Debug|Any CPU.Build.0 = Debug|Any CPU
		{27FDA1B7-91EA-41B4-82E7-133C4EADB3FD}.Debug|x64.ActiveCfg = Debug|x64
		{27FDA1B7-91EA-41B4-82E7-133C4EADB3FD}.Debug|x64.Build.0 = Debug|x64
		{27FDA1B7-91EA-41B4-82E7-133C4EADB3FD}.Release|Any CPU.ActiveCfg = Release|Any CPU
		{27FDA1B7-91EA-41B4-82E7-133C4EADB3FD}.Release|Any CPU.Build.0 = Release|Any CPU
		{27FDA1B7-91EA-41B4-82E7-133C4EADB3FD}.Release|x64.ActiveCfg = Release|x64
		{27FDA1B7-91EA-41B4-82E7-133C4EADB3FD}.Release|x64.Build.0 = Release|x64
		{5B92D9AA-D7D7-4CAB-8E82-AC6DC665B323}.Debug|Any CPU.ActiveCfg = Debug|Any CPU
		{5B92D9AA-D7D7-4CAB-8E82-AC6DC665B323}.Debug|Any CPU.Build.0 = Debug|Any CPU
		{5B92D9AA-D7D7-4CAB-8E82-AC6DC665B323}.Debug|x64.ActiveCfg = Debug|x64
		{5B92D9AA-D7D7-4CAB-8E82-AC6DC665B323}.Debug|x64.Build.0 = Debug|x64
		{5B92D9AA-D7D7-4CAB-8E82-AC6DC665B323}.Release|Any CPU.ActiveCfg = Release|Any CPU
		{5B92D9AA-D7D7-4CAB-8E82-AC6DC665B323}.Release|Any CPU.Build.0 = Release|Any CPU
		{5B92D9AA-D7D7-4CAB-8E82-AC6DC665B323}.Release|x64.ActiveCfg = Release|x64
		{5B92D9AA-D7D7-4CAB-8E82-AC6DC665B323}.Release|x64.Build.0 = Release|x64
	EndGlobalSection
	GlobalSection(SolutionProperties) = preSolution
		HideSolutionNode = FALSE
	EndGlobalSection
	GlobalSection(ExtensibilityGlobals) = postSolution
		SolutionGuid = {F1CFA257-E95E-41EF-B6E6-DD51293B8998}
	EndGlobalSection
EndGlobal
